
Microsoft Visual Studio Solution File, Format Version 12.00
# Visual Studio 15
VisualStudioVersion = 15.0.28307.572
MinimumVisualStudioVersion = 10.0.40219.1
Project("{FAE04EC0-301F-11D3-BF4B-00C04F79EFBC}") = "Emotions Contest", "Emotions Contest\Emotions Contest.csproj", "{7A3D5812-80B2-464E-9913-64B96E7625EB}"
EndProject
Global
	GlobalSection(SolutionConfigurationPlatforms) = preSolution
		Debug|Any CPU = Debug|Any CPU
		Release|Any CPU = Release|Any CPU
	EndGlobalSection
	GlobalSection(ProjectConfigurationPlatforms) = postSolution
		{7A3D5812-80B2-464E-9913-64B96E7625EB}.Debug|Any CPU.ActiveCfg = Debug|Any CPU
		{7A3D5812-80B2-464E-9913-64B96E7625EB}.Debug|Any CPU.Build.0 = Debug|Any CPU
		{7A3D5812-80B2-464E-9913-64B96E7625EB}.Release|Any CPU.ActiveCfg = Release|Any CPU
		{7A3D5812-80B2-464E-9913-64B96E7625EB}.Release|Any CPU.Build.0 = Release|Any CPU
	EndGlobalSection
	GlobalSection(SolutionProperties) = preSolution
		HideSolutionNode = FALSE
	EndGlobalSection
	GlobalSection(ExtensibilityGlobals) = postSolution
		SolutionGuid = {17318F7C-4D41-42CD-B904-6083870FEC3D}
	EndGlobalSection
EndGlobal
